
Microsoft Visual Studio Solution File, Format Version 12.00
# Visual Studio Version 16
VisualStudioVersion = 16.0.31515.178
MinimumVisualStudioVersion = 10.0.40219.1
Project("{FAE04EC0-301F-11D3-BF4B-00C04F79EFBC}") = "Switch_Case", "Switch_Case\Switch_Case.csproj", "{365E8B56-BCA7-41BD-9368-DDA21DC88B11}"
EndProject
Global
	GlobalSection(SolutionConfigurationPlatforms) = preSolution
		Debug|Any CPU = Debug|Any CPU
		Release|Any CPU = Release|Any CPU
	EndGlobalSection
	GlobalSection(ProjectConfigurationPlatforms) = postSolution
		{365E8B56-BCA7-41BD-9368-DDA21DC88B11}.Debug|Any CPU.ActiveCfg = Debug|Any CPU
		{365E8B56-BCA7-41BD-9368-DDA21DC88B11}.Debug|Any CPU.Build.0 = Debug|Any CPU
		{365E8B56-BCA7-41BD-9368-DDA21DC88B11}.Release|Any CPU.ActiveCfg = Release|Any CPU
		{365E8B56-BCA7-41BD-9368-DDA21DC88B11}.Release|Any CPU.Build.0 = Release|Any CPU
	EndGlobalSection
	GlobalSection(SolutionProperties) = preSolution
		HideSolutionNode = FALSE
	EndGlobalSection
	GlobalSection(ExtensibilityGlobals) = postSolution
		SolutionGuid = {18BF9B3C-03AA-473E-AD9D-31F7A3447BCA}
	EndGlobalSection
EndGlobal
