
Microsoft Visual Studio Solution File, Format Version 12.00
# Visual Studio Version 16
VisualStudioVersion = 16.0.31624.102
MinimumVisualStudioVersion = 10.0.40219.1
Project("{FAE04EC0-301F-11D3-BF4B-00C04F79EFBC}") = "Stack_Queue", "Stack_Queue\Stack_Queue.csproj", "{75130D2E-45F7-4DBD-BC3C-3E3446B2B1FF}"
EndProject
Global
	GlobalSection(SolutionConfigurationPlatforms) = preSolution
		Debug|Any CPU = Debug|Any CPU
		Release|Any CPU = Release|Any CPU
	EndGlobalSection
	GlobalSection(ProjectConfigurationPlatforms) = postSolution
		{75130D2E-45F7-4DBD-BC3C-3E3446B2B1FF}.Debug|Any CPU.ActiveCfg = Debug|Any CPU
		{75130D2E-45F7-4DBD-BC3C-3E3446B2B1FF}.Debug|Any CPU.Build.0 = Debug|Any CPU
		{75130D2E-45F7-4DBD-BC3C-3E3446B2B1FF}.Release|Any CPU.ActiveCfg = Release|Any CPU
		{75130D2E-45F7-4DBD-BC3C-3E3446B2B1FF}.Release|Any CPU.Build.0 = Release|Any CPU
	EndGlobalSection
	GlobalSection(SolutionProperties) = preSolution
		HideSolutionNode = FALSE
	EndGlobalSection
	GlobalSection(ExtensibilityGlobals) = postSolution
		SolutionGuid = {459907EA-C719-46A6-9F43-60C4EE934831}
	EndGlobalSection
EndGlobal
