
Microsoft Visual Studio Solution File, Format Version 12.00
# Visual Studio Version 16
VisualStudioVersion = 16.0.31624.102
MinimumVisualStudioVersion = 10.0.40219.1
Project("{FAE04EC0-301F-11D3-BF4B-00C04F79EFBC}") = "Delegate2", "Delegate2\Delegate2.csproj", "{6E27D3BA-AC7C-4B18-8098-DC414B415BFE}"
EndProject
Global
	GlobalSection(SolutionConfigurationPlatforms) = preSolution
		Debug|Any CPU = Debug|Any CPU
		Release|Any CPU = Release|Any CPU
	EndGlobalSection
	GlobalSection(ProjectConfigurationPlatforms) = postSolution
		{6E27D3BA-AC7C-4B18-8098-DC414B415BFE}.Debug|Any CPU.ActiveCfg = Debug|Any CPU
		{6E27D3BA-AC7C-4B18-8098-DC414B415BFE}.Debug|Any CPU.Build.0 = Debug|Any CPU
		{6E27D3BA-AC7C-4B18-8098-DC414B415BFE}.Release|Any CPU.ActiveCfg = Release|Any CPU
		{6E27D3BA-AC7C-4B18-8098-DC414B415BFE}.Release|Any CPU.Build.0 = Release|Any CPU
	EndGlobalSection
	GlobalSection(SolutionProperties) = preSolution
		HideSolutionNode = FALSE
	EndGlobalSection
	GlobalSection(ExtensibilityGlobals) = postSolution
		SolutionGuid = {74DD1BA6-8C9B-4841-A507-943409F30329}
	EndGlobalSection
EndGlobal
