
Microsoft Visual Studio Solution File, Format Version 12.00
# Visual Studio Version 16
VisualStudioVersion = 16.0.31613.86
MinimumVisualStudioVersion = 10.0.40219.1
Project("{FAE04EC0-301F-11D3-BF4B-00C04F79EFBC}") = "Implicitly_Typed_Arrays", "Implicitly_Typed_Arrays\Implicitly_Typed_Arrays.csproj", "{40556BF6-55B6-478F-8958-8A164F0C07B9}"
EndProject
Global
	GlobalSection(SolutionConfigurationPlatforms) = preSolution
		Debug|Any CPU = Debug|Any CPU
		Release|Any CPU = Release|Any CPU
	EndGlobalSection
	GlobalSection(ProjectConfigurationPlatforms) = postSolution
		{40556BF6-55B6-478F-8958-8A164F0C07B9}.Debug|Any CPU.ActiveCfg = Debug|Any CPU
		{40556BF6-55B6-478F-8958-8A164F0C07B9}.Debug|Any CPU.Build.0 = Debug|Any CPU
		{40556BF6-55B6-478F-8958-8A164F0C07B9}.Release|Any CPU.ActiveCfg = Release|Any CPU
		{40556BF6-55B6-478F-8958-8A164F0C07B9}.Release|Any CPU.Build.0 = Release|Any CPU
	EndGlobalSection
	GlobalSection(SolutionProperties) = preSolution
		HideSolutionNode = FALSE
	EndGlobalSection
	GlobalSection(ExtensibilityGlobals) = postSolution
		SolutionGuid = {B56607C5-1499-48D4-891F-3224FC12831C}
	EndGlobalSection
EndGlobal
