
Microsoft Visual Studio Solution File, Format Version 12.00
# Visual Studio Version 16
VisualStudioVersion = 16.0.31624.102
MinimumVisualStudioVersion = 10.0.40219.1
Project("{FAE04EC0-301F-11D3-BF4B-00C04F79EFBC}") = "HashTable", "HashTable\HashTable.csproj", "{8363E4EE-390B-4E4F-ACA5-7FC46411EDBB}"
EndProject
Global
	GlobalSection(SolutionConfigurationPlatforms) = preSolution
		Debug|Any CPU = Debug|Any CPU
		Release|Any CPU = Release|Any CPU
	EndGlobalSection
	GlobalSection(ProjectConfigurationPlatforms) = postSolution
		{8363E4EE-390B-4E4F-ACA5-7FC46411EDBB}.Debug|Any CPU.ActiveCfg = Debug|Any CPU
		{8363E4EE-390B-4E4F-ACA5-7FC46411EDBB}.Debug|Any CPU.Build.0 = Debug|Any CPU
		{8363E4EE-390B-4E4F-ACA5-7FC46411EDBB}.Release|Any CPU.ActiveCfg = Release|Any CPU
		{8363E4EE-390B-4E4F-ACA5-7FC46411EDBB}.Release|Any CPU.Build.0 = Release|Any CPU
	EndGlobalSection
	GlobalSection(SolutionProperties) = preSolution
		HideSolutionNode = FALSE
	EndGlobalSection
	GlobalSection(ExtensibilityGlobals) = postSolution
		SolutionGuid = {DB795491-F5B3-4F42-8C65-BB8341D41E00}
	EndGlobalSection
EndGlobal
