
Microsoft Visual Studio Solution File, Format Version 12.00
# Visual Studio Version 16
VisualStudioVersion = 16.0.31515.178
MinimumVisualStudioVersion = 10.0.40219.1
Project("{FAE04EC0-301F-11D3-BF4B-00C04F79EFBC}") = "Variables", "Variables\Variables.csproj", "{AE7D94B8-D849-4723-B431-D30A76EEF483}"
EndProject
Global
	GlobalSection(SolutionConfigurationPlatforms) = preSolution
		Debug|Any CPU = Debug|Any CPU
		Release|Any CPU = Release|Any CPU
	EndGlobalSection
	GlobalSection(ProjectConfigurationPlatforms) = postSolution
		{AE7D94B8-D849-4723-B431-D30A76EEF483}.Debug|Any CPU.ActiveCfg = Debug|Any CPU
		{AE7D94B8-D849-4723-B431-D30A76EEF483}.Debug|Any CPU.Build.0 = Debug|Any CPU
		{AE7D94B8-D849-4723-B431-D30A76EEF483}.Release|Any CPU.ActiveCfg = Release|Any CPU
		{AE7D94B8-D849-4723-B431-D30A76EEF483}.Release|Any CPU.Build.0 = Release|Any CPU
	EndGlobalSection
	GlobalSection(SolutionProperties) = preSolution
		HideSolutionNode = FALSE
	EndGlobalSection
	GlobalSection(ExtensibilityGlobals) = postSolution
		SolutionGuid = {0179EF03-23FB-4191-875D-C597B313DAF7}
	EndGlobalSection
EndGlobal
